// !$*UTF8*$!
{
	archiveVersion = 1;
	classes = {
	};
	objectVersion = 77;
	objects = {

/* Begin PBXBuildFile section */
		34A6959A2CCC0AA500251CD5 /* edit page.swift in Sources */ = {isa = PBXBuildFile; fileRef = 34A695992CCC0AA500251CD5 /* edit page.swift */; };
/* End PBXBuildFile section */

/* Begin PBXContainerItemProxy section */
		34A6954F2CC52EEC00251CD5 /* PBXContainerItemProxy */ = {
			isa = PBXContainerItemProxy;
			containerPortal = 34A695362CC52EEB00251CD5 /* Project object */;
			proxyType = 1;
			remoteGlobalIDString = 34A6953D2CC52EEB00251CD5;
			remoteInfo = "Journal App";
		};
		34A695592CC52EEC00251CD5 /* PBXContainerItemProxy */ = {
			isa = PBXContainerItemProxy;
			containerPortal = 34A695362CC52EEB00251CD5 /* Project object */;
			proxyType = 1;
			remoteGlobalIDString = 34A6953D2CC52EEB00251CD5;
			remoteInfo = "Journal App";
		};
/* End PBXContainerItemProxy section */

/* Begin PBXFileReference section */
		34A6953E2CC52EEB00251CD5 /* Journal App.app */ = {isa = PBXFileReference; explicitFileType = wrapper.application; includeInIndex = 0; path = "Journal App.app"; sourceTree = BUILT_PRODUCTS_DIR; };
		34A6954E2CC52EEC00251CD5 /* Journal AppTests.xctest */ = {isa = PBXFileReference; explicitFileType = wrapper.cfbundle; includeInIndex = 0; path = "Journal AppTests.xctest"; sourceTree = BUILT_PRODUCTS_DIR; };
		34A695582CC52EEC00251CD5 /* Journal AppUITests.xctest */ = {isa = PBXFileReference; explicitFileType = wrapper.cfbundle; includeInIndex = 0; path = "Journal AppUITests.xctest"; sourceTree = BUILT_PRODUCTS_DIR; };
		34A695992CCC0AA500251CD5 /* edit page.swift */ = {isa = PBXFileReference; lastKnownFileType = sourcecode.swift; path = "edit page.swift"; sourceTree = "<group>"; };
/* End PBXFileReference section */

/* Begin PBXFileSystemSynchronizedRootGroup section */
		34A695402CC52EEB00251CD5 /* Journal App */ = {
			isa = PBXFileSystemSynchronizedRootGroup;
			path = "Journal App";
			sourceTree = "<group>";
		};
		34A695512CC52EEC00251CD5 /* Journal AppTests */ = {
			isa = PBXFileSystemSynchronizedRootGroup;
			path = "Journal AppTests";
			sourceTree = "<group>";
		};
		34A6955B2CC52EEC00251CD5 /* Journal AppUITests */ = {
			isa = PBXFileSystemSynchronizedRootGroup;
			path = "Journal AppUITests";
			sourceTree = "<group>";
		};
/* End PBXFileSystemSynchronizedRootGroup section */

/* Begin PBXFrameworksBuildPhase section */
		34A6953B2CC52EEB00251CD5 /* Frameworks */ = {
			isa = PBXFrameworksBuildPhase;
			buildActionMask = 2147483647;
			files = (
			);
			runOnlyForDeploymentPostprocessing = 0;
		};
		34A6954B2CC52EEC00251CD5 /* Frameworks */ = {
			isa = PBXFrameworksBuildPhase;
			buildActionMask = 2147483647;
			files = (
			);
			runOnlyForDeploymentPostprocessing = 0;
		};
		34A695552CC52EEC00251CD5 /* Frameworks */ = {
			isa = PBXFrameworksBuildPhase;
			buildActionMask = 2147483647;
			files = (
			);
			runOnlyForDeploymentPostprocessing = 0;
		};
/* End PBXFrameworksBuildPhase section */

/* Begin PBXGroup section */
		34A695352CC52EEB00251CD5 = {
			isa = PBXGroup;
			children = (
				34A695992CCC0AA500251CD5 /* edit page.swift */,
				34A695402CC52EEB00251CD5 /* Journal App */,
				34A695512CC52EEC00251CD5 /* Journal AppTests */,
				34A6955B2CC52EEC00251CD5 /* Journal AppUITests */,
				34A6953F2CC52EEB00251CD5 /* Products */,
			);
			sourceTree = "<group>";
		};
		34A6953F2CC52EEB00251CD5 /* Products */ = {
			isa = PBXGroup;
			children = (
				34A6953E2CC52EEB00251CD5 /* Journal App.app */,
				34A6954E2CC52EEC00251CD5 /* Journal AppTests.xctest */,
				34A695582CC52EEC00251CD5 /* Journal AppUITests.xctest */,
			);
			name = Products;
			sourceTree = "<group>";
		};
/* End PBXGroup section */

/* Begin PBXNativeTarget section */
		34A6953D2CC52EEB00251CD5 /* Journal App */ = {
			isa = PBXNativeTarget;
			buildConfigurationList = 34A695622CC52EEC00251CD5 /* Build configuration list for PBXNativeTarget "Journal App" */;
			buildPhases = (
				34A6953A2CC52EEB00251CD5 /* Sources */,
				34A6953B2CC52EEB00251CD5 /* Frameworks */,
				34A6953C2CC52EEB00251CD5 /* Resources */,
			);
			buildRules = (
			);
			dependencies = (
			);
			fileSystemSynchronizedGroups = (
				34A695402CC52EEB00251CD5 /* Journal App */,
			);
			name = "Journal App";
			packageProductDependencies = (
			);
			productName = "Journal App";
			productReference = 34A6953E2CC52EEB00251CD5 /* Journal App.app */;
			productType = "com.apple.product-type.application";
		};
		34A6954D2CC52EEC00251CD5 /* Journal AppTests */ = {
			isa = PBXNativeTarget;
			buildConfigurationList = 34A695652CC52EEC00251CD5 /* Build configuration list for PBXNativeTarget "Journal AppTests" */;
			buildPhases = (
				34A6954A2CC52EEC00251CD5 /* Sources */,
				34A6954B2CC52EEC00251CD5 /* Frameworks */,
				34A6954C2CC52EEC00251CD5 /* Resources */,
			);
			buildRules = (
			);
			dependencies = (
				34A695502CC52EEC00251CD5 /* PBXTargetDependency */,
			);
			fileSystemSynchronizedGroups = (
				34A695512CC52EEC00251CD5 /* Journal AppTests */,
			);
			name = "Journal AppTests";
			packageProductDependencies = (
			);
			productName = "Journal AppTests";
			productReference = 34A6954E2CC52EEC00251CD5 /* Journal AppTests.xctest */;
			productType = "com.apple.product-type.bundle.unit-test";
		};
		34A695572CC52EEC00251CD5 /* Journal AppUITests */ = {
			isa = PBXNativeTarget;
			buildConfigurationList = 34A695682CC52EEC00251CD5 /* Build configuration list for PBXNativeTarget "Journal AppUITests" */;
			buildPhases = (
				34A695542CC52EEC00251CD5 /* Sources */,
				34A695552CC52EEC00251CD5 /* Frameworks */,
				34A695562CC52EEC00251CD5 /* Resources */,
			);
			buildRules = (
			);
			dependencies = (
				34A6955A2CC52EEC00251CD5 /* PBXTargetDependency */,
			);
			fileSystemSynchronizedGroups = (
				34A6955B2CC52EEC00251CD5 /* Journal AppUITests */,
			);
			name = "Journal AppUITests";
			packageProductDependencies = (
			);
			productName = "Journal AppUITests";
			productReference = 34A695582CC52EEC00251CD5 /* Journal AppUITests.xctest */;
			productType = "com.apple.product-type.bundle.ui-testing";
		};
/* End PBXNativeTarget section */

/* Begin PBXProject section */
		34A695362CC52EEB00251CD5 /* Project object */ = {
			isa = PBXProject;
			attributes = {
				BuildIndependentTargetsInParallel = 1;
				LastSwiftUpdateCheck = 1600;
				LastUpgradeCheck = 1600;
				TargetAttributes = {
					34A6953D2CC52EEB00251CD5 = {
						CreatedOnToolsVersion = 16.0;
					};
					34A6954D2CC52EEC00251CD5 = {
						CreatedOnToolsVersion = 16.0;
						TestTargetID = 34A6953D2CC52EEB00251CD5;
					};
					34A695572CC52EEC00251CD5 = {
						CreatedOnToolsVersion = 16.0;
						TestTargetID = 34A6953D2CC52EEB00251CD5;
					};
				};
			};
			buildConfigurationList = 34A695392CC52EEB00251CD5 /* Build configuration list for PBXProject "Journal App" */;
			developmentRegion = en;
			hasScannedForEncodings = 0;
			knownRegions = (
				en,
				Base,
			);
			mainGroup = 34A695352CC52EEB00251CD5;
			minimizedProjectReferenceProxies = 1;
			preferredProjectObjectVersion = 77;
			productRefGroup = 34A6953F2CC52EEB00251CD5 /* Products */;
			projectDirPath = "";
			projectRoot = "";
			targets = (
				34A6953D2CC52EEB00251CD5 /* Journal App */,
				34A6954D2CC52EEC00251CD5 /* Journal AppTests */,
				34A695572CC52EEC00251CD5 /* Journal AppUITests */,
			);
		};
/* End PBXProject section */

/* Begin PBXResourcesBuildPhase section */
		34A6953C2CC52EEB00251CD5 /* Resources */ = {
			isa = PBXResourcesBuildPhase;
			buildActionMask = 2147483647;
			files = (
			);
			runOnlyForDeploymentPostprocessing = 0;
		};
		34A6954C2CC52EEC00251CD5 /* Resources */ = {
			isa = PBXResourcesBuildPhase;
			buildActionMask = 2147483647;
			files = (
			);
			runOnlyForDeploymentPostprocessing = 0;
		};
		34A695562CC52EEC00251CD5 /* Resources */ = {
			isa = PBXResourcesBuildPhase;
			buildActionMask = 2147483647;
			files = (
			);
			runOnlyForDeploymentPostprocessing = 0;
		};
/* End PBXResourcesBuildPhase section */

/* Begin PBXSourcesBuildPhase section */
		34A6953A2CC52EEB00251CD5 /* Sources */ = {
			isa = PBXSourcesBuildPhase;
			buildActionMask = 2147483647;
			files = (
				34A6959A2CCC0AA500251CD5 /* edit page.swift in Sources */,
			);
			runOnlyForDeploymentPostprocessing = 0;
		};
		34A6954A2CC52EEC00251CD5 /* Sources */ = {
			isa = PBXSourcesBuildPhase;
			buildActionMask = 2147483647;
			files = (
			);
			runOnlyForDeploymentPostprocessing = 0;
		};
		34A695542CC52EEC00251CD5 /* Sources */ = {
			isa = PBXSourcesBuildPhase;
			buildActionMask = 2147483647;
			files = (
			);
			runOnlyForDeploymentPostprocessing = 0;
		};
/* End PBXSourcesBuildPhase section */

/* Begin PBXTargetDependency section */
		34A695502CC52EEC00251CD5 /* PBXTargetDependency */ = {
			isa = PBXTargetDependency;
			target = 34A6953D2CC52EEB00251CD5 /* Journal App */;
			targetProxy = 34A6954F2CC52EEC00251CD5 /* PBXContainerItemProxy */;
		};
		34A6955A2CC52EEC00251CD5 /* PBXTargetDependency */ = {
			isa = PBXTargetDependency;
			target = 34A6953D2CC52EEB00251CD5 /* Journal App */;
			targetProxy = 34A695592CC52EEC00251CD5 /* PBXContainerItemProxy */;
		};
/* End PBXTargetDependency section */

/* Begin XCBuildConfiguration section */
		34A695602CC52EEC00251CD5 /* Debug */ = {
			isa = XCBuildConfiguration;
			buildSettings = {
				ALWAYS_SEARCH_USER_PATHS = NO;
				ASSETCATALOG_COMPILER_GENERATE_SWIFT_ASSET_SYMBOL_EXTENSIONS = YES;
				CLANG_ANALYZER_NONNULL = YES;
				CLANG_ANALYZER_NUMBER_OBJECT_CONVERSION = YES_AGGRESSIVE;
				CLANG_CXX_LANGUAGE_STANDARD = "gnu++20";
				CLANG_ENABLE_MODULES = YES;
				CLANG_ENABLE_OBJC_ARC = YES;
				CLANG_ENABLE_OBJC_WEAK = YES;
				CLANG_WARN_BLOCK_CAPTURE_AUTORELEASING = YES;
				CLANG_WARN_BOOL_CONVERSION = YES;
				CLANG_WARN_COMMA = YES;
				CLANG_WARN_CONSTANT_CONVERSION = YES;
				CLANG_WARN_DEPRECATED_OBJC_IMPLEMENTATIONS = YES;
				CLANG_WARN_DIRECT_OBJC_ISA_USAGE = YES_ERROR;
				CLANG_WARN_DOCUMENTATION_COMMENTS = YES;
				CLANG_WARN_EMPTY_BODY = YES;
				CLANG_WARN_ENUM_CONVERSION = YES;
				CLANG_WARN_INFINITE_RECURSION = YES;
				CLANG_WARN_INT_CONVERSION = YES;
				CLANG_WARN_NON_LITERAL_NULL_CONVERSION = YES;
				CLANG_WARN_OBJC_IMPLICIT_RETAIN_SELF = YES;
				CLANG_WARN_OBJC_LITERAL_CONVERSION = YES;
				CLANG_WARN_OBJC_ROOT_CLASS = YES_ERROR;
				CLANG_WARN_QUOTED_INCLUDE_IN_FRAMEWORK_HEADER = YES;
				CLANG_WARN_RANGE_LOOP_ANALYSIS = YES;
				CLANG_WARN_STRICT_PROTOTYPES = YES;
				CLANG_WARN_SUSPICIOUS_MOVE = YES;
				CLANG_WARN_UNGUARDED_AVAILABILITY = YES_AGGRESSIVE;
				CLANG_WARN_UNREACHABLE_CODE = YES;
				CLANG_WARN__DUPLICATE_METHOD_MATCH = YES;
				COPY_PHASE_STRIP = NO;
				DEBUG_INFORMATION_FORMAT = dwarf;
				ENABLE_STRICT_OBJC_MSGSEND = YES;
				ENABLE_TESTABILITY = YES;
				ENABLE_USER_SCRIPT_SANDBOXING = YES;
				GCC_C_LANGUAGE_STANDARD = gnu17;
				GCC_DYNAMIC_NO_PIC = NO;
				GCC_NO_COMMON_BLOCKS = YES;
				GCC_OPTIMIZATION_LEVEL = 0;
				GCC_PREPROCESSOR_DEFINITIONS = (
					"DEBUG=1",
					"$(inherited)",
				);
				GCC_WARN_64_TO_32_BIT_CONVERSION = YES;
				GCC_WARN_ABOUT_RETURN_TYPE = YES_ERROR;
				GCC_WARN_UNDECLARED_SELECTOR = YES;
				GCC_WARN_UNINITIALIZED_AUTOS = YES_AGGRESSIVE;
				GCC_WARN_UNUSED_FUNCTION = YES;
				GCC_WARN_UNUSED_VARIABLE = YES;
				IPHONEOS_DEPLOYMENT_TARGET = 18.0;
				LOCALIZATION_PREFERS_STRING_CATALOGS = YES;
				MTL_ENABLE_DEBUG_INFO = INCLUDE_SOURCE;
				MTL_FAST_MATH = YES;
				ONLY_ACTIVE_ARCH = YES;
				SDKROOT = iphoneos;
				SWIFT_ACTIVE_COMPILATION_CONDITIONS = "DEBUG $(inherited)";
				SWIFT_OPTIMIZATION_LEVEL = "-Onone";
			};
			name = Debug;
		};
		34A695612CC52EEC00251CD5 /* Release */ = {
			isa = XCBuildConfiguration;
			buildSettings = {
				ALWAYS_SEARCH_USER_PATHS = NO;
				ASSETCATALOG_COMPILER_GENERATE_SWIFT_ASSET_SYMBOL_EXTENSIONS = YES;
				CLANG_ANALYZER_NONNULL = YES;
				CLANG_ANALYZER_NUMBER_OBJECT_CONVERSION = YES_AGGRESSIVE;
				CLANG_CXX_LANGUAGE_STANDARD = "gnu++20";
				CLANG_ENABLE_MODULES = YES;
				CLANG_ENABLE_OBJC_ARC = YES;
				CLANG_ENABLE_OBJC_WEAK = YES;
				CLANG_WARN_BLOCK_CAPTURE_AUTORELEASING = YES;
				CLANG_WARN_BOOL_CONVERSION = YES;
				CLANG_WARN_COMMA = YES;
				CLANG_WARN_CONSTANT_CONVERSION = YES;
				CLANG_WARN_DEPRECATED_OBJC_IMPLEMENTATIONS = YES;
				CLANG_WARN_DIRECT_OBJC_ISA_USAGE = YES_ERROR;
				CLANG_WARN_DOCUMENTATION_COMMENTS = YES;
				CLANG_WARN_EMPTY_BODY = YES;
				CLANG_WARN_ENUM_CONVERSION = YES;
				CLANG_WARN_INFINITE_RECURSION = YES;
				CLANG_WARN_INT_CONVERSION = YES;
				CLANG_WARN_NON_LITERAL_NULL_CONVERSION = YES;
				CLANG_WARN_OBJC_IMPLICIT_RETAIN_SELF = YES;
				CLANG_WARN_OBJC_LITERAL_CONVERSION = YES;
				CLANG_WARN_OBJC_ROOT_CLASS = YES_ERROR;
				CLANG_WARN_QUOTED_INCLUDE_IN_FRAMEWORK_HEADER = YES;
				CLANG_WARN_RANGE_LOOP_ANALYSIS = YES;
				CLANG_WARN_STRICT_PROTOTYPES = YES;
				CLANG_WARN_SUSPICIOUS_MOVE = YES;
				CLANG_WARN_UNGUARDED_AVAILABILITY = YES_AGGRESSIVE;
				CLANG_WARN_UNREACHABLE_CODE = YES;
				CLANG_WARN__DUPLICATE_METHOD_MATCH = YES;
				COPY_PHASE_STRIP = NO;
				DEBUG_INFORMATION_FORMAT = "dwarf-with-dsym";
				ENABLE_NS_ASSERTIONS = NO;
				ENABLE_STRICT_OBJC_MSGSEND = YES;
				ENABLE_USER_SCRIPT_SANDBOXING = YES;
				GCC_C_LANGUAGE_STANDARD = gnu17;
				GCC_NO_COMMON_BLOCKS = YES;
				GCC_WARN_64_TO_32_BIT_CONVERSION = YES;
				GCC_WARN_ABOUT_RETURN_TYPE = YES_ERROR;
				GCC_WARN_UNDECLARED_SELECTOR = YES;
				GCC_WARN_UNINITIALIZED_AUTOS = YES_AGGRESSIVE;
				GCC_WARN_UNUSED_FUNCTION = YES;
				GCC_WARN_UNUSED_VARIABLE = YES;
				IPHONEOS_DEPLOYMENT_TARGET = 18.0;
				LOCALIZATION_PREFERS_STRING_CATALOGS = YES;
				MTL_ENABLE_DEBUG_INFO = NO;
				MTL_FAST_MATH = YES;
				SDKROOT = iphoneos;
				SWIFT_COMPILATION_MODE = wholemodule;
				VALIDATE_PRODUCT = YES;
			};
			name = Release;
		};
		34A695632CC52EEC00251CD5 /* Debug */ = {
			isa = XCBuildConfiguration;
			buildSettings = {
				ASSETCATALOG_COMPILER_APPICON_NAME = AppIcon;
				ASSETCATALOG_COMPILER_GLOBAL_ACCENT_COLOR_NAME = AccentColor;
				CODE_SIGN_STYLE = Automatic;
				CURRENT_PROJECT_VERSION = 1;
				DEVELOPMENT_ASSET_PATHS = "\"Journal App/Preview Content\"";
				ENABLE_PREVIEWS = YES;
				GENERATE_INFOPLIST_FILE = YES;
				INFOPLIST_KEY_UIApplicationSceneManifest_Generation = YES;
				INFOPLIST_KEY_UIApplicationSupportsIndirectInputEvents = YES;
				INFOPLIST_KEY_UILaunchScreen_Generation = YES;
				INFOPLIST_KEY_UISupportedInterfaceOrientations_iPad = "UIInterfaceOrientationPortrait UIInterfaceOrientationPortraitUpsideDown UIInterfaceOrientationLandscapeLeft UIInterfaceOrientationLandscapeRight";
				INFOPLIST_KEY_UISupportedInterfaceOrientations_iPhone = "UIInterfaceOrientationPortrait UIInterfaceOrientationLandscapeLeft UIInterfaceOrientationLandscapeRight";
				LD_RUNPATH_SEARCH_PATHS = (
					"$(inherited)",
					"@executable_path/Frameworks",
				);
				MARKETING_VERSION = 1.0;
				PRODUCT_BUNDLE_IDENTIFIER = "H.Journal-App";
				PRODUCT_NAME = "$(TARGET_NAME)";
				SWIFT_EMIT_LOC_STRINGS = YES;
				SWIFT_VERSION = 5.0;
				TARGETED_DEVICE_FAMILY = "1,2";
			};
			name = Debug;
		};
		34A695642CC52EEC00251CD5 /* Release */ = {
			isa = XCBuildConfiguration;
			buildSettings = {
				ASSETCATALOG_COMPILER_APPICON_NAME = AppIcon;
				ASSETCATALOG_COMPILER_GLOBAL_ACCENT_COLOR_NAME = AccentColor;
				CODE_SIGN_STYLE = Automatic;
				CURRENT_PROJECT_VERSION = 1;
				DEVELOPMENT_ASSET_PATHS = "\"Journal App/Preview Content\"";
				ENABLE_PREVIEWS = YES;
				GENERATE_INFOPLIST_FILE = YES;
				INFOPLIST_KEY_UIApplicationSceneManifest_Generation = YES;
				INFOPLIST_KEY_UIApplicationSupportsIndirectInputEvents = YES;
				INFOPLIST_KEY_UILaunchScreen_Generation = YES;
				INFOPLIST_KEY_UISupportedInterfaceOrientations_iPad = "UIInterfaceOrientationPortrait UIInterfaceOrientationPortraitUpsideDown UIInterfaceOrientationLandscapeLeft UIInterfaceOrientationLandscapeRight";
				INFOPLIST_KEY_UISupportedInterfaceOrientations_iPhone = "UIInterfaceOrientationPortrait UIInterfaceOrientationLandscapeLeft UIInterfaceOrientationLandscapeRight";
				LD_RUNPATH_SEARCH_PATHS = (
					"$(inherited)",
					"@executable_path/Frameworks",
				);
				MARKETING_VERSION = 1.0;
				PRODUCT_BUNDLE_IDENTIFIER = "H.Journal-App";
				PRODUCT_NAME = "$(TARGET_NAME)";
				SWIFT_EMIT_LOC_STRINGS = YES;
				SWIFT_VERSION = 5.0;
				TARGETED_DEVICE_FAMILY = "1,2";
			};
			name = Release;
		};
		34A695662CC52EEC00251CD5 /* Debug */ = {
			isa = XCBuildConfiguration;
			buildSettings = {
				BUNDLE_LOADER = "$(TEST_HOST)";
				CODE_SIGN_STYLE = Automatic;
				CURRENT_PROJECT_VERSION = 1;
				GENERATE_INFOPLIST_FILE = YES;
				IPHONEOS_DEPLOYMENT_TARGET = 18.0;
				MARKETING_VERSION = 1.0;
				PRODUCT_BUNDLE_IDENTIFIER = "H.Journal-AppTests";
				PRODUCT_NAME = "$(TARGET_NAME)";
				SWIFT_EMIT_LOC_STRINGS = NO;
				SWIFT_VERSION = 5.0;
				TARGETED_DEVICE_FAMILY = "1,2";
				TEST_HOST = "$(BUILT_PRODUCTS_DIR)/Journal App.app/$(BUNDLE_EXECUTABLE_FOLDER_PATH)/Journal App";
			};
			name = Debug;
		};
		34A695672CC52EEC00251CD5 /* Release */ = {
			isa = XCBuildConfiguration;
			buildSettings = {
				BUNDLE_LOADER = "$(TEST_HOST)";
				CODE_SIGN_STYLE = Automatic;
				CURRENT_PROJECT_VERSION = 1;
				GENERATE_INFOPLIST_FILE = YES;
				IPHONEOS_DEPLOYMENT_TARGET = 18.0;
				MARKETING_VERSION = 1.0;
				PRODUCT_BUNDLE_IDENTIFIER = "H.Journal-AppTests";
				PRODUCT_NAME = "$(TARGET_NAME)";
				SWIFT_EMIT_LOC_STRINGS = NO;
				SWIFT_VERSION = 5.0;
				TARGETED_DEVICE_FAMILY = "1,2";
				TEST_HOST = "$(BUILT_PRODUCTS_DIR)/Journal App.app/$(BUNDLE_EXECUTABLE_FOLDER_PATH)/Journal App";
			};
			name = Release;
		};
		34A695692CC52EEC00251CD5 /* Debug */ = {
			isa = XCBuildConfiguration;
			buildSettings = {
				CODE_SIGN_STYLE = Automatic;
				CURRENT_PROJECT_VERSION = 1;
				GENERATE_INFOPLIST_FILE = YES;
				MARKETING_VERSION = 1.0;
				PRODUCT_BUNDLE_IDENTIFIER = "H.Journal-AppUITests";
				PRODUCT_NAME = "$(TARGET_NAME)";
				SWIFT_EMIT_LOC_STRINGS = NO;
				SWIFT_VERSION = 5.0;
				TARGETED_DEVICE_FAMILY = "1,2";
				TEST_TARGET_NAME = "Journal App";
			};
			name = Debug;
		};
		34A6956A2CC52EEC00251CD5 /* Release */ = {
			isa = XCBuildConfiguration;
			buildSettings = {
				CODE_SIGN_STYLE = Automatic;
				CURRENT_PROJECT_VERSION = 1;
				GENERATE_INFOPLIST_FILE = YES;
				MARKETING_VERSION = 1.0;
				PRODUCT_BUNDLE_IDENTIFIER = "H.Journal-AppUITests";
				PRODUCT_NAME = "$(TARGET_NAME)";
				SWIFT_EMIT_LOC_STRINGS = NO;
				SWIFT_VERSION = 5.0;
				TARGETED_DEVICE_FAMILY = "1,2";
				TEST_TARGET_NAME = "Journal App";
			};
			name = Release;
		};
/* End XCBuildConfiguration section */

/* Begin XCConfigurationList section */
		34A695392CC52EEB00251CD5 /* Build configuration list for PBXProject "Journal App" */ = {
			isa = XCConfigurationList;
			buildConfigurations = (
				34A695602CC52EEC00251CD5 /* Debug */,
				34A695612CC52EEC00251CD5 /* Release */,
			);
			defaultConfigurationIsVisible = 0;
			defaultConfigurationName = Release;
		};
		34A695622CC52EEC00251CD5 /* Build configuration list for PBXNativeTarget "Journal App" */ = {
			isa = XCConfigurationList;
			buildConfigurations = (
				34A695632CC52EEC00251CD5 /* Debug */,
				34A695642CC52EEC00251CD5 /* Release */,
			);
			defaultConfigurationIsVisible = 0;
			defaultConfigurationName = Release;
		};
		34A695652CC52EEC00251CD5 /* Build configuration list for PBXNativeTarget "Journal AppTests" */ = {
			isa = XCConfigurationList;
			buildConfigurations = (
				34A695662CC52EEC00251CD5 /* Debug */,
				34A695672CC52EEC00251CD5 /* Release */,
			);
			defaultConfigurationIsVisible = 0;
			defaultConfigurationName = Release;
		};
		34A695682CC52EEC00251CD5 /* Build configuration list for PBXNativeTarget "Journal AppUITests" */ = {
			isa = XCConfigurationList;
			buildConfigurations = (
				34A695692CC52EEC00251CD5 /* Debug */,
				34A6956A2CC52EEC00251CD5 /* Release */,
			);
			defaultConfigurationIsVisible = 0;
			defaultConfigurationName = Release;
		};
/* End XCConfigurationList section */
	};
	rootObject = 34A695362CC52EEB00251CD5 /* Project object */;
}
